
Microsoft Visual Studio Solution File, Format Version 12.00
# Visual Studio Version 17
VisualStudioVersion = 17.7.33711.374
MinimumVisualStudioVersion = 10.0.40219.1
Project("{9A19103F-16F7-4668-BE54-9A1E7A4F7556}") = "WebAppMvc", "WebAppMvc\WebAppMvc.csproj", "{AB2046A5-1330-409C-9449-E0D3AFB3A5EC}"
EndProject
Project("{9A19103F-16F7-4668-BE54-9A1E7A4F7556}") = "App.Core.Entities", "App.Core.Entities\App.Core.Entities.csproj", "{EFFE0001-F6E6-42FB-AC2D-F92CDD97A6C9}"
EndProject
Project("{9A19103F-16F7-4668-BE54-9A1E7A4F7556}") = "App.Core.Business", "App.Core.Business\App.Core.Business.csproj", "{F4CC86C8-62A4-4E2F-8A0A-8EF4FF177965}"
EndProject
Project("{9A19103F-16F7-4668-BE54-9A1E7A4F7556}") = "App.Core.Data", "App.Core.Data\App.Core.Data.csproj", "{EB045355-26F2-4685-8A9E-D2D36DC86F02}"
EndProject
Project("{2150E333-8FDC-42A3-9474-1A3956D46DE8}") = "Apps", "Apps", "{8EE849B1-F673-4792-A51A-8376F4630FAD}"
EndProject
Project("{2150E333-8FDC-42A3-9474-1A3956D46DE8}") = "Connection", "Connection", "{04B70C1C-B4A4-4241-AEC1-3F071ADAE84C}"
EndProject
Project("{2150E333-8FDC-42A3-9474-1A3956D46DE8}") = "Entities", "Entities", "{F99BC2E5-3C88-4D59-AF3A-80FBEF6012E6}"
EndProject
Global
	GlobalSection(SolutionConfigurationPlatforms) = preSolution
		Debug|Any CPU = Debug|Any CPU
		Release|Any CPU = Release|Any CPU
	EndGlobalSection
	GlobalSection(ProjectConfigurationPlatforms) = postSolution
		{AB2046A5-1330-409C-9449-E0D3AFB3A5EC}.Debug|Any CPU.ActiveCfg = Debug|Any CPU
		{AB2046A5-1330-409C-9449-E0D3AFB3A5EC}.Debug|Any CPU.Build.0 = Debug|Any CPU
		{AB2046A5-1330-409C-9449-E0D3AFB3A5EC}.Release|Any CPU.ActiveCfg = Release|Any CPU
		{AB2046A5-1330-409C-9449-E0D3AFB3A5EC}.Release|Any CPU.Build.0 = Release|Any CPU
		{EFFE0001-F6E6-42FB-AC2D-F92CDD97A6C9}.Debug|Any CPU.ActiveCfg = Debug|Any CPU
		{EFFE0001-F6E6-42FB-AC2D-F92CDD97A6C9}.Debug|Any CPU.Build.0 = Debug|Any CPU
		{EFFE0001-F6E6-42FB-AC2D-F92CDD97A6C9}.Release|Any CPU.ActiveCfg = Release|Any CPU
		{EFFE0001-F6E6-42FB-AC2D-F92CDD97A6C9}.Release|Any CPU.Build.0 = Release|Any CPU
		{F4CC86C8-62A4-4E2F-8A0A-8EF4FF177965}.Debug|Any CPU.ActiveCfg = Debug|Any CPU
		{F4CC86C8-62A4-4E2F-8A0A-8EF4FF177965}.Debug|Any CPU.Build.0 = Debug|Any CPU
		{F4CC86C8-62A4-4E2F-8A0A-8EF4FF177965}.Release|Any CPU.ActiveCfg = Release|Any CPU
		{F4CC86C8-62A4-4E2F-8A0A-8EF4FF177965}.Release|Any CPU.Build.0 = Release|Any CPU
		{EB045355-26F2-4685-8A9E-D2D36DC86F02}.Debug|Any CPU.ActiveCfg = Debug|Any CPU
		{EB045355-26F2-4685-8A9E-D2D36DC86F02}.Debug|Any CPU.Build.0 = Debug|Any CPU
		{EB045355-26F2-4685-8A9E-D2D36DC86F02}.Release|Any CPU.ActiveCfg = Release|Any CPU
		{EB045355-26F2-4685-8A9E-D2D36DC86F02}.Release|Any CPU.Build.0 = Release|Any CPU
	EndGlobalSection
	GlobalSection(SolutionProperties) = preSolution
		HideSolutionNode = FALSE
	EndGlobalSection
	GlobalSection(NestedProjects) = preSolution
		{AB2046A5-1330-409C-9449-E0D3AFB3A5EC} = {8EE849B1-F673-4792-A51A-8376F4630FAD}
		{EFFE0001-F6E6-42FB-AC2D-F92CDD97A6C9} = {F99BC2E5-3C88-4D59-AF3A-80FBEF6012E6}
		{F4CC86C8-62A4-4E2F-8A0A-8EF4FF177965} = {04B70C1C-B4A4-4241-AEC1-3F071ADAE84C}
		{EB045355-26F2-4685-8A9E-D2D36DC86F02} = {04B70C1C-B4A4-4241-AEC1-3F071ADAE84C}
	EndGlobalSection
	GlobalSection(ExtensibilityGlobals) = postSolution
		SolutionGuid = {98862099-93A6-4C75-8A60-86D117A5D6ED}
	EndGlobalSection
EndGlobal
